// !$*UTF8*$!
{
	archiveVersion = 1;
	classes = {
	};
	objectVersion = 56;
	objects = {

/* Begin PBXBuildFile section */
		BA5A1DE22B562D3D0081D2E8 /* AppDelegate.swift in Sources */ = {isa = PBXBuildFile; fileRef = BA5A1DE12B562D3D0081D2E8 /* AppDelegate.swift */; };
		BA5A1DE42B562D3D0081D2E8 /* SceneDelegate.swift in Sources */ = {isa = PBXBuildFile; fileRef = BA5A1DE32B562D3D0081D2E8 /* SceneDelegate.swift */; };
		BA5A1DE92B562D3D0081D2E8 /* Main.storyboard in Resources */ = {isa = PBXBuildFile; fileRef = BA5A1DE72B562D3D0081D2E8 /* Main.storyboard */; };
		BA5A1DEB2B562D3E0081D2E8 /* Assets.xcassets in Resources */ = {isa = PBXBuildFile; fileRef = BA5A1DEA2B562D3E0081D2E8 /* Assets.xcassets */; };
		BA5A1DEE2B562D3E0081D2E8 /* LaunchScreen.storyboard in Resources */ = {isa = PBXBuildFile; fileRef = BA5A1DEC2B562D3E0081D2E8 /* LaunchScreen.storyboard */; };
		BA6746042B5632BC006C7EEA /* FileHandleViewController.swift in Sources */ = {isa = PBXBuildFile; fileRef = BA6746032B5632BC006C7EEA /* FileHandleViewController.swift */; };
		BA6746062B563322006C7EEA /* FileHelper.swift in Sources */ = {isa = PBXBuildFile; fileRef = BA6746052B563322006C7EEA /* FileHelper.swift */; };
		BA94A52A2B873A37001BA82B /* CoreDataHelper.swift in Sources */ = {isa = PBXBuildFile; fileRef = BA94A5292B873A37001BA82B /* CoreDataHelper.swift */; };
		BA94A5332B873EEA001BA82B /* CompanyDataModel.xcdatamodeld in Sources */ = {isa = PBXBuildFile; fileRef = BA94A5312B873EEA001BA82B /* CompanyDataModel.xcdatamodeld */; };
		BAACEEA82B8DDCB9002039A4 /* Company+CoreDataClass.swift in Sources */ = {isa = PBXBuildFile; fileRef = BAACEEA22B8DDCB9002039A4 /* Company+CoreDataClass.swift */; };
		BAACEEA92B8DDCB9002039A4 /* Company+CoreDataProperties.swift in Sources */ = {isa = PBXBuildFile; fileRef = BAACEEA32B8DDCB9002039A4 /* Company+CoreDataProperties.swift */; };
		BAACEEAA2B8DDCB9002039A4 /* CompanySmallCategory+CoreDataClass.swift in Sources */ = {isa = PBXBuildFile; fileRef = BAACEEA42B8DDCB9002039A4 /* CompanySmallCategory+CoreDataClass.swift */; };
		BAACEEAB2B8DDCB9002039A4 /* CompanySmallCategory+CoreDataProperties.swift in Sources */ = {isa = PBXBuildFile; fileRef = BAACEEA52B8DDCB9002039A4 /* CompanySmallCategory+CoreDataProperties.swift */; };
		BAACEEAC2B8DDCB9002039A4 /* CompanyBigCategory+CoreDataClass.swift in Sources */ = {isa = PBXBuildFile; fileRef = BAACEEA62B8DDCB9002039A4 /* CompanyBigCategory+CoreDataClass.swift */; };
		BAACEEAD2B8DDCB9002039A4 /* CompanyBigCategory+CoreDataProperties.swift in Sources */ = {isa = PBXBuildFile; fileRef = BAACEEA72B8DDCB9002039A4 /* CompanyBigCategory+CoreDataProperties.swift */; };
/* End PBXBuildFile section */

/* Begin PBXFileReference section */
		BA5A1DDE2B562D3D0081D2E8 /* stockViewer.app */ = {isa = PBXFileReference; explicitFileType = wrapper.application; includeInIndex = 0; path = stockViewer.app; sourceTree = BUILT_PRODUCTS_DIR; };
		BA5A1DE12B562D3D0081D2E8 /* AppDelegate.swift */ = {isa = PBXFileReference; lastKnownFileType = sourcecode.swift; path = AppDelegate.swift; sourceTree = "<group>"; };
		BA5A1DE32B562D3D0081D2E8 /* SceneDelegate.swift */ = {isa = PBXFileReference; lastKnownFileType = sourcecode.swift; path = SceneDelegate.swift; sourceTree = "<group>"; };
		BA5A1DE82B562D3D0081D2E8 /* Base */ = {isa = PBXFileReference; lastKnownFileType = file.storyboard; name = Base; path = Base.lproj/Main.storyboard; sourceTree = "<group>"; };
		BA5A1DEA2B562D3E0081D2E8 /* Assets.xcassets */ = {isa = PBXFileReference; lastKnownFileType = folder.assetcatalog; path = Assets.xcassets; sourceTree = "<group>"; };
		BA5A1DED2B562D3E0081D2E8 /* Base */ = {isa = PBXFileReference; lastKnownFileType = file.storyboard; name = Base; path = Base.lproj/LaunchScreen.storyboard; sourceTree = "<group>"; };
		BA5A1DEF2B562D3E0081D2E8 /* Info.plist */ = {isa = PBXFileReference; lastKnownFileType = text.plist.xml; path = Info.plist; sourceTree = "<group>"; };
		BA6746032B5632BC006C7EEA /* FileHandleViewController.swift */ = {isa = PBXFileReference; lastKnownFileType = sourcecode.swift; path = FileHandleViewController.swift; sourceTree = "<group>"; };
		BA6746052B563322006C7EEA /* FileHelper.swift */ = {isa = PBXFileReference; lastKnownFileType = sourcecode.swift; path = FileHelper.swift; sourceTree = "<group>"; };
		BA94A5292B873A37001BA82B /* CoreDataHelper.swift */ = {isa = PBXFileReference; fileEncoding = 4; lastKnownFileType = sourcecode.swift; path = CoreDataHelper.swift; sourceTree = "<group>"; };
		BA94A5322B873EEA001BA82B /* CompanyDataModel.xcdatamodel */ = {isa = PBXFileReference; lastKnownFileType = wrapper.xcdatamodel; path = CompanyDataModel.xcdatamodel; sourceTree = "<group>"; };
		BAACEEA22B8DDCB9002039A4 /* Company+CoreDataClass.swift */ = {isa = PBXFileReference; lastKnownFileType = sourcecode.swift; name = "Company+CoreDataClass.swift"; path = "stockViewer/Model/Company+CoreDataClass.swift"; sourceTree = "<group>"; };
		BAACEEA32B8DDCB9002039A4 /* Company+CoreDataProperties.swift */ = {isa = PBXFileReference; lastKnownFileType = sourcecode.swift; name = "Company+CoreDataProperties.swift"; path = "stockViewer/Model/Company+CoreDataProperties.swift"; sourceTree = "<group>"; };
		BAACEEA42B8DDCB9002039A4 /* CompanySmallCategory+CoreDataClass.swift */ = {isa = PBXFileReference; lastKnownFileType = sourcecode.swift; name = "CompanySmallCategory+CoreDataClass.swift"; path = "stockViewer/Model/CompanySmallCategory+CoreDataClass.swift"; sourceTree = "<group>"; };
		BAACEEA52B8DDCB9002039A4 /* CompanySmallCategory+CoreDataProperties.swift */ = {isa = PBXFileReference; lastKnownFileType = sourcecode.swift; name = "CompanySmallCategory+CoreDataProperties.swift"; path = "stockViewer/Model/CompanySmallCategory+CoreDataProperties.swift"; sourceTree = "<group>"; };
		BAACEEA62B8DDCB9002039A4 /* CompanyBigCategory+CoreDataClass.swift */ = {isa = PBXFileReference; lastKnownFileType = sourcecode.swift; name = "CompanyBigCategory+CoreDataClass.swift"; path = "stockViewer/Model/CompanyBigCategory+CoreDataClass.swift"; sourceTree = "<group>"; };
		BAACEEA72B8DDCB9002039A4 /* CompanyBigCategory+CoreDataProperties.swift */ = {isa = PBXFileReference; lastKnownFileType = sourcecode.swift; name = "CompanyBigCategory+CoreDataProperties.swift"; path = "stockViewer/Model/CompanyBigCategory+CoreDataProperties.swift"; sourceTree = "<group>"; };
		BAB3D8FF2B5E1865009E4AA9 /* stockViewer.entitlements */ = {isa = PBXFileReference; lastKnownFileType = text.plist.entitlements; path = stockViewer.entitlements; sourceTree = "<group>"; };
/* End PBXFileReference section */

/* Begin PBXFrameworksBuildPhase section */
		BA5A1DDB2B562D3D0081D2E8 /* Frameworks */ = {
			isa = PBXFrameworksBuildPhase;
			buildActionMask = 2147483647;
			files = (
			);
			runOnlyForDeploymentPostprocessing = 0;
		};
/* End PBXFrameworksBuildPhase section */

/* Begin PBXGroup section */
		BA5A1DD52B562D3D0081D2E8 = {
			isa = PBXGroup;
			children = (
				BAACEEA22B8DDCB9002039A4 /* Company+CoreDataClass.swift */,
				BAACEEA32B8DDCB9002039A4 /* Company+CoreDataProperties.swift */,
				BAACEEA42B8DDCB9002039A4 /* CompanySmallCategory+CoreDataClass.swift */,
				BAACEEA52B8DDCB9002039A4 /* CompanySmallCategory+CoreDataProperties.swift */,
				BAACEEA62B8DDCB9002039A4 /* CompanyBigCategory+CoreDataClass.swift */,
				BAACEEA72B8DDCB9002039A4 /* CompanyBigCategory+CoreDataProperties.swift */,
				BA5A1DE02B562D3D0081D2E8 /* stockViewer */,
				BA5A1DDF2B562D3D0081D2E8 /* Products */,
			);
			sourceTree = "<group>";
		};
		BA5A1DDF2B562D3D0081D2E8 /* Products */ = {
			isa = PBXGroup;
			children = (
				BA5A1DDE2B562D3D0081D2E8 /* stockViewer.app */,
			);
			name = Products;
			sourceTree = "<group>";
		};
		BA5A1DE02B562D3D0081D2E8 /* stockViewer */ = {
			isa = PBXGroup;
			children = (
				BAB3D8FF2B5E1865009E4AA9 /* stockViewer.entitlements */,
				BA5A1DFA2B5631270081D2E8 /* Model */,
				BA5A1DF92B5631170081D2E8 /* ViewController */,
				BA5A1DF82B5630E90081D2E8 /* Helper */,
				BA5A1DE12B562D3D0081D2E8 /* AppDelegate.swift */,
				BA5A1DE32B562D3D0081D2E8 /* SceneDelegate.swift */,
				BA5A1DE72B562D3D0081D2E8 /* Main.storyboard */,
				BA5A1DEA2B562D3E0081D2E8 /* Assets.xcassets */,
				BA5A1DEC2B562D3E0081D2E8 /* LaunchScreen.storyboard */,
				BA5A1DEF2B562D3E0081D2E8 /* Info.plist */,
			);
			path = stockViewer;
			sourceTree = "<group>";
		};
		BA5A1DF82B5630E90081D2E8 /* Helper */ = {
			isa = PBXGroup;
			children = (
				BA6746052B563322006C7EEA /* FileHelper.swift */,
			);
			path = Helper;
			sourceTree = "<group>";
		};
		BA5A1DF92B5631170081D2E8 /* ViewController */ = {
			isa = PBXGroup;
			children = (
				BA6746032B5632BC006C7EEA /* FileHandleViewController.swift */,
			);
			path = ViewController;
			sourceTree = "<group>";
		};
		BA5A1DFA2B5631270081D2E8 /* Model */ = {
			isa = PBXGroup;
			children = (
				BA94A5292B873A37001BA82B /* CoreDataHelper.swift */,
				BA94A5312B873EEA001BA82B /* CompanyDataModel.xcdatamodeld */,
			);
			path = Model;
			sourceTree = "<group>";
		};
/* End PBXGroup section */

/* Begin PBXNativeTarget section */
		BA5A1DDD2B562D3D0081D2E8 /* stockViewer */ = {
			isa = PBXNativeTarget;
			buildConfigurationList = BA5A1DF22B562D3E0081D2E8 /* Build configuration list for PBXNativeTarget "stockViewer" */;
			buildPhases = (
				BA5A1DDA2B562D3D0081D2E8 /* Sources */,
				BA5A1DDB2B562D3D0081D2E8 /* Frameworks */,
				BA5A1DDC2B562D3D0081D2E8 /* Resources */,
			);
			buildRules = (
			);
			dependencies = (
			);
			name = stockViewer;
			productName = stockViewer;
			productReference = BA5A1DDE2B562D3D0081D2E8 /* stockViewer.app */;
			productType = "com.apple.product-type.application";
		};
/* End PBXNativeTarget section */

/* Begin PBXProject section */
		BA5A1DD62B562D3D0081D2E8 /* Project object */ = {
			isa = PBXProject;
			attributes = {
				BuildIndependentTargetsInParallel = 1;
				LastSwiftUpdateCheck = 1430;
				LastUpgradeCheck = 1430;
				TargetAttributes = {
					BA5A1DDD2B562D3D0081D2E8 = {
						CreatedOnToolsVersion = 14.3.1;
					};
				};
			};
			buildConfigurationList = BA5A1DD92B562D3D0081D2E8 /* Build configuration list for PBXProject "stockViewer" */;
			compatibilityVersion = "Xcode 14.0";
			developmentRegion = en;
			hasScannedForEncodings = 0;
			knownRegions = (
				en,
				Base,
			);
			mainGroup = BA5A1DD52B562D3D0081D2E8;
			productRefGroup = BA5A1DDF2B562D3D0081D2E8 /* Products */;
			projectDirPath = "";
			projectRoot = "";
			targets = (
				BA5A1DDD2B562D3D0081D2E8 /* stockViewer */,
			);
		};
/* End PBXProject section */

/* Begin PBXResourcesBuildPhase section */
		BA5A1DDC2B562D3D0081D2E8 /* Resources */ = {
			isa = PBXResourcesBuildPhase;
			buildActionMask = 2147483647;
			files = (
				BA5A1DEE2B562D3E0081D2E8 /* LaunchScreen.storyboard in Resources */,
				BA5A1DEB2B562D3E0081D2E8 /* Assets.xcassets in Resources */,
				BA5A1DE92B562D3D0081D2E8 /* Main.storyboard in Resources */,
			);
			runOnlyForDeploymentPostprocessing = 0;
		};
/* End PBXResourcesBuildPhase section */

/* Begin PBXSourcesBuildPhase section */
		BA5A1DDA2B562D3D0081D2E8 /* Sources */ = {
			isa = PBXSourcesBuildPhase;
			buildActionMask = 2147483647;
			files = (
				BA94A52A2B873A37001BA82B /* CoreDataHelper.swift in Sources */,
				BAACEEAC2B8DDCB9002039A4 /* CompanyBigCategory+CoreDataClass.swift in Sources */,
				BA5A1DE22B562D3D0081D2E8 /* AppDelegate.swift in Sources */,
				BAACEEA92B8DDCB9002039A4 /* Company+CoreDataProperties.swift in Sources */,
				BA6746042B5632BC006C7EEA /* FileHandleViewController.swift in Sources */,
				BA5A1DE42B562D3D0081D2E8 /* SceneDelegate.swift in Sources */,
				BA6746062B563322006C7EEA /* FileHelper.swift in Sources */,
				BAACEEAA2B8DDCB9002039A4 /* CompanySmallCategory+CoreDataClass.swift in Sources */,
				BAACEEAD2B8DDCB9002039A4 /* CompanyBigCategory+CoreDataProperties.swift in Sources */,
				BAACEEA82B8DDCB9002039A4 /* Company+CoreDataClass.swift in Sources */,
				BA94A5332B873EEA001BA82B /* CompanyDataModel.xcdatamodeld in Sources */,
				BAACEEAB2B8DDCB9002039A4 /* CompanySmallCategory+CoreDataProperties.swift in Sources */,
			);
			runOnlyForDeploymentPostprocessing = 0;
		};
/* End PBXSourcesBuildPhase section */

/* Begin PBXVariantGroup section */
		BA5A1DE72B562D3D0081D2E8 /* Main.storyboard */ = {
			isa = PBXVariantGroup;
			children = (
				BA5A1DE82B562D3D0081D2E8 /* Base */,
			);
			name = Main.storyboard;
			sourceTree = "<group>";
		};
		BA5A1DEC2B562D3E0081D2E8 /* LaunchScreen.storyboard */ = {
			isa = PBXVariantGroup;
			children = (
				BA5A1DED2B562D3E0081D2E8 /* Base */,
			);
			name = LaunchScreen.storyboard;
			sourceTree = "<group>";
		};
/* End PBXVariantGroup section */

/* Begin XCBuildConfiguration section */
		BA5A1DF02B562D3E0081D2E8 /* Debug */ = {
			isa = XCBuildConfiguration;
			buildSettings = {
				ALWAYS_SEARCH_USER_PATHS = NO;
				CLANG_ANALYZER_NONNULL = YES;
				CLANG_ANALYZER_NUMBER_OBJECT_CONVERSION = YES_AGGRESSIVE;
				CLANG_CXX_LANGUAGE_STANDARD = "gnu++20";
				CLANG_ENABLE_MODULES = YES;
				CLANG_ENABLE_OBJC_ARC = YES;
				CLANG_ENABLE_OBJC_WEAK = YES;
				CLANG_WARN_BLOCK_CAPTURE_AUTORELEASING = YES;
				CLANG_WARN_BOOL_CONVERSION = YES;
				CLANG_WARN_COMMA = YES;
				CLANG_WARN_CONSTANT_CONVERSION = YES;
				CLANG_WARN_DEPRECATED_OBJC_IMPLEMENTATIONS = YES;
				CLANG_WARN_DIRECT_OBJC_ISA_USAGE = YES_ERROR;
				CLANG_WARN_DOCUMENTATION_COMMENTS = YES;
				CLANG_WARN_EMPTY_BODY = YES;
				CLANG_WARN_ENUM_CONVERSION = YES;
				CLANG_WARN_INFINITE_RECURSION = YES;
				CLANG_WARN_INT_CONVERSION = YES;
				CLANG_WARN_NON_LITERAL_NULL_CONVERSION = YES;
				CLANG_WARN_OBJC_IMPLICIT_RETAIN_SELF = YES;
				CLANG_WARN_OBJC_LITERAL_CONVERSION = YES;
				CLANG_WARN_OBJC_ROOT_CLASS = YES_ERROR;
				CLANG_WARN_QUOTED_INCLUDE_IN_FRAMEWORK_HEADER = YES;
				CLANG_WARN_RANGE_LOOP_ANALYSIS = YES;
				CLANG_WARN_STRICT_PROTOTYPES = YES;
				CLANG_WARN_SUSPICIOUS_MOVE = YES;
				CLANG_WARN_UNGUARDED_AVAILABILITY = YES_AGGRESSIVE;
				CLANG_WARN_UNREACHABLE_CODE = YES;
				CLANG_WARN__DUPLICATE_METHOD_MATCH = YES;
				COPY_PHASE_STRIP = NO;
				DEBUG_INFORMATION_FORMAT = dwarf;
				ENABLE_STRICT_OBJC_MSGSEND = YES;
				ENABLE_TESTABILITY = YES;
				GCC_C_LANGUAGE_STANDARD = gnu11;
				GCC_DYNAMIC_NO_PIC = NO;
				GCC_NO_COMMON_BLOCKS = YES;
				GCC_OPTIMIZATION_LEVEL = 0;
				GCC_PREPROCESSOR_DEFINITIONS = (
					"DEBUG=1",
					"$(inherited)",
				);
				GCC_WARN_64_TO_32_BIT_CONVERSION = YES;
				GCC_WARN_ABOUT_RETURN_TYPE = YES_ERROR;
				GCC_WARN_UNDECLARED_SELECTOR = YES;
				GCC_WARN_UNINITIALIZED_AUTOS = YES_AGGRESSIVE;
				GCC_WARN_UNUSED_FUNCTION = YES;
				GCC_WARN_UNUSED_VARIABLE = YES;
				IPHONEOS_DEPLOYMENT_TARGET = 16.4;
				MTL_ENABLE_DEBUG_INFO = INCLUDE_SOURCE;
				MTL_FAST_MATH = YES;
				ONLY_ACTIVE_ARCH = YES;
				SDKROOT = iphoneos;
				SWIFT_ACTIVE_COMPILATION_CONDITIONS = DEBUG;
				SWIFT_OPTIMIZATION_LEVEL = "-Onone";
			};
			name = Debug;
		};
		BA5A1DF12B562D3E0081D2E8 /* Release */ = {
			isa = XCBuildConfiguration;
			buildSettings = {
				ALWAYS_SEARCH_USER_PATHS = NO;
				CLANG_ANALYZER_NONNULL = YES;
				CLANG_ANALYZER_NUMBER_OBJECT_CONVERSION = YES_AGGRESSIVE;
				CLANG_CXX_LANGUAGE_STANDARD = "gnu++20";
				CLANG_ENABLE_MODULES = YES;
				CLANG_ENABLE_OBJC_ARC = YES;
				CLANG_ENABLE_OBJC_WEAK = YES;
				CLANG_WARN_BLOCK_CAPTURE_AUTORELEASING = YES;
				CLANG_WARN_BOOL_CONVERSION = YES;
				CLANG_WARN_COMMA = YES;
				CLANG_WARN_CONSTANT_CONVERSION = YES;
				CLANG_WARN_DEPRECATED_OBJC_IMPLEMENTATIONS = YES;
				CLANG_WARN_DIRECT_OBJC_ISA_USAGE = YES_ERROR;
				CLANG_WARN_DOCUMENTATION_COMMENTS = YES;
				CLANG_WARN_EMPTY_BODY = YES;
				CLANG_WARN_ENUM_CONVERSION = YES;
				CLANG_WARN_INFINITE_RECURSION = YES;
				CLANG_WARN_INT_CONVERSION = YES;
				CLANG_WARN_NON_LITERAL_NULL_CONVERSION = YES;
				CLANG_WARN_OBJC_IMPLICIT_RETAIN_SELF = YES;
				CLANG_WARN_OBJC_LITERAL_CONVERSION = YES;
				CLANG_WARN_OBJC_ROOT_CLASS = YES_ERROR;
				CLANG_WARN_QUOTED_INCLUDE_IN_FRAMEWORK_HEADER = YES;
				CLANG_WARN_RANGE_LOOP_ANALYSIS = YES;
				CLANG_WARN_STRICT_PROTOTYPES = YES;
				CLANG_WARN_SUSPICIOUS_MOVE = YES;
				CLANG_WARN_UNGUARDED_AVAILABILITY = YES_AGGRESSIVE;
				CLANG_WARN_UNREACHABLE_CODE = YES;
				CLANG_WARN__DUPLICATE_METHOD_MATCH = YES;
				COPY_PHASE_STRIP = NO;
				DEBUG_INFORMATION_FORMAT = "dwarf-with-dsym";
				ENABLE_NS_ASSERTIONS = NO;
				ENABLE_STRICT_OBJC_MSGSEND = YES;
				GCC_C_LANGUAGE_STANDARD = gnu11;
				GCC_NO_COMMON_BLOCKS = YES;
				GCC_WARN_64_TO_32_BIT_CONVERSION = YES;
				GCC_WARN_ABOUT_RETURN_TYPE = YES_ERROR;
				GCC_WARN_UNDECLARED_SELECTOR = YES;
				GCC_WARN_UNINITIALIZED_AUTOS = YES_AGGRESSIVE;
				GCC_WARN_UNUSED_FUNCTION = YES;
				GCC_WARN_UNUSED_VARIABLE = YES;
				IPHONEOS_DEPLOYMENT_TARGET = 16.4;
				MTL_ENABLE_DEBUG_INFO = NO;
				MTL_FAST_MATH = YES;
				SDKROOT = iphoneos;
				SWIFT_COMPILATION_MODE = wholemodule;
				SWIFT_OPTIMIZATION_LEVEL = "-O";
				VALIDATE_PRODUCT = YES;
			};
			name = Release;
		};
		BA5A1DF32B562D3E0081D2E8 /* Debug */ = {
			isa = XCBuildConfiguration;
			buildSettings = {
				ASSETCATALOG_COMPILER_APPICON_NAME = AppIcon;
				ASSETCATALOG_COMPILER_GLOBAL_ACCENT_COLOR_NAME = AccentColor;
				CODE_SIGN_ENTITLEMENTS = stockViewer/stockViewer.entitlements;
				CODE_SIGN_STYLE = Automatic;
				CURRENT_PROJECT_VERSION = 1;
				DEVELOPMENT_TEAM = N9643UQKT5;
				GENERATE_INFOPLIST_FILE = YES;
				INFOPLIST_FILE = stockViewer/Info.plist;
				INFOPLIST_KEY_UIApplicationSupportsIndirectInputEvents = YES;
				INFOPLIST_KEY_UILaunchStoryboardName = LaunchScreen;
				INFOPLIST_KEY_UIMainStoryboardFile = Main;
				INFOPLIST_KEY_UISupportedInterfaceOrientations_iPad = "UIInterfaceOrientationPortrait UIInterfaceOrientationPortraitUpsideDown UIInterfaceOrientationLandscapeLeft UIInterfaceOrientationLandscapeRight";
				INFOPLIST_KEY_UISupportedInterfaceOrientations_iPhone = "UIInterfaceOrientationPortrait UIInterfaceOrientationLandscapeLeft UIInterfaceOrientationLandscapeRight";
				IPHONEOS_DEPLOYMENT_TARGET = 16.4;
				LD_RUNPATH_SEARCH_PATHS = (
					"$(inherited)",
					"@executable_path/Frameworks",
				);
				MARKETING_VERSION = 1.0;
				PRODUCT_BUNDLE_IDENTIFIER = com.Henry.stockViewer;
				PRODUCT_NAME = "$(TARGET_NAME)";
				SWIFT_EMIT_LOC_STRINGS = YES;
				SWIFT_VERSION = 5.0;
				TARGETED_DEVICE_FAMILY = "1,2";
			};
			name = Debug;
		};
		BA5A1DF42B562D3E0081D2E8 /* Release */ = {
			isa = XCBuildConfiguration;
			buildSettings = {
				ASSETCATALOG_COMPILER_APPICON_NAME = AppIcon;
				ASSETCATALOG_COMPILER_GLOBAL_ACCENT_COLOR_NAME = AccentColor;
				CODE_SIGN_ENTITLEMENTS = stockViewer/stockViewer.entitlements;
				CODE_SIGN_STYLE = Automatic;
				CURRENT_PROJECT_VERSION = 1;
				DEVELOPMENT_TEAM = N9643UQKT5;
				GENERATE_INFOPLIST_FILE = YES;
				INFOPLIST_FILE = stockViewer/Info.plist;
				INFOPLIST_KEY_UIApplicationSupportsIndirectInputEvents = YES;
				INFOPLIST_KEY_UILaunchStoryboardName = LaunchScreen;
				INFOPLIST_KEY_UIMainStoryboardFile = Main;
				INFOPLIST_KEY_UISupportedInterfaceOrientations_iPad = "UIInterfaceOrientationPortrait UIInterfaceOrientationPortraitUpsideDown UIInterfaceOrientationLandscapeLeft UIInterfaceOrientationLandscapeRight";
				INFOPLIST_KEY_UISupportedInterfaceOrientations_iPhone = "UIInterfaceOrientationPortrait UIInterfaceOrientationLandscapeLeft UIInterfaceOrientationLandscapeRight";
				IPHONEOS_DEPLOYMENT_TARGET = 16.4;
				LD_RUNPATH_SEARCH_PATHS = (
					"$(inherited)",
					"@executable_path/Frameworks",
				);
				MARKETING_VERSION = 1.0;
				PRODUCT_BUNDLE_IDENTIFIER = com.Henry.stockViewer;
				PRODUCT_NAME = "$(TARGET_NAME)";
				SWIFT_EMIT_LOC_STRINGS = YES;
				SWIFT_VERSION = 5.0;
				TARGETED_DEVICE_FAMILY = "1,2";
			};
			name = Release;
		};
/* End XCBuildConfiguration section */

/* Begin XCConfigurationList section */
		BA5A1DD92B562D3D0081D2E8 /* Build configuration list for PBXProject "stockViewer" */ = {
			isa = XCConfigurationList;
			buildConfigurations = (
				BA5A1DF02B562D3E0081D2E8 /* Debug */,
				BA5A1DF12B562D3E0081D2E8 /* Release */,
			);
			defaultConfigurationIsVisible = 0;
			defaultConfigurationName = Release;
		};
		BA5A1DF22B562D3E0081D2E8 /* Build configuration list for PBXNativeTarget "stockViewer" */ = {
			isa = XCConfigurationList;
			buildConfigurations = (
				BA5A1DF32B562D3E0081D2E8 /* Debug */,
				BA5A1DF42B562D3E0081D2E8 /* Release */,
			);
			defaultConfigurationIsVisible = 0;
			defaultConfigurationName = Release;
		};
/* End XCConfigurationList section */

/* Begin XCVersionGroup section */
		BA94A5312B873EEA001BA82B /* CompanyDataModel.xcdatamodeld */ = {
			isa = XCVersionGroup;
			children = (
				BA94A5322B873EEA001BA82B /* CompanyDataModel.xcdatamodel */,
			);
			currentVersion = BA94A5322B873EEA001BA82B /* CompanyDataModel.xcdatamodel */;
			path = CompanyDataModel.xcdatamodeld;
			sourceTree = "<group>";
			versionGroupType = wrapper.xcdatamodel;
		};
/* End XCVersionGroup section */
	};
	rootObject = BA5A1DD62B562D3D0081D2E8 /* Project object */;
}
